
Microsoft Visual Studio Solution File, Format Version 12.00
# Visual Studio Version 17
VisualStudioVersion = 17.3.32901.215
MinimumVisualStudioVersion = 10.0.40219.1
Project("{FAE04EC0-301F-11D3-BF4B-00C04F79EFBC}") = "Numerical Technology Ltd Test Task", "Numerical Technology Ltd Test Task.csproj", "{A803CC1E-9A8F-4F8B-A2E7-02F521129A49}"
EndProject
Global
	GlobalSection(SolutionConfigurationPlatforms) = preSolution
		Debug|Any CPU = Debug|Any CPU
		Release|Any CPU = Release|Any CPU
	EndGlobalSection
	GlobalSection(ProjectConfigurationPlatforms) = postSolution
		{A803CC1E-9A8F-4F8B-A2E7-02F521129A49}.Debug|Any CPU.ActiveCfg = Debug|Any CPU
		{A803CC1E-9A8F-4F8B-A2E7-02F521129A49}.Debug|Any CPU.Build.0 = Debug|Any CPU
		{A803CC1E-9A8F-4F8B-A2E7-02F521129A49}.Release|Any CPU.ActiveCfg = Release|Any CPU
		{A803CC1E-9A8F-4F8B-A2E7-02F521129A49}.Release|Any CPU.Build.0 = Release|Any CPU
	EndGlobalSection
	GlobalSection(SolutionProperties) = preSolution
		HideSolutionNode = FALSE
	EndGlobalSection
	GlobalSection(ExtensibilityGlobals) = postSolution
		SolutionGuid = {819BBBBE-B8CB-43A6-95C7-2515E6483CFE}
	EndGlobalSection
EndGlobal
